PODS:
  - AFNetworking (4.0.1):
    - AFNetworking/NSURLSession (= 4.0.1)
    - AFNetworking/Reachability (= 4.0.1)
    - AFNetworking/Security (= 4.0.1)
    - AFNetworking/Serialization (= 4.0.1)
    - AFNetworking/UIKit (= 4.0.1)
  - AFNetworking/NSURLSession (4.0.1):
    - AFNetworking/Reachability
    - AFNetworking/Security
    - AFNetworking/Serialization
  - AFNetworking/Reachability (4.0.1)
  - AFNetworking/Security (4.0.1)
  - AFNetworking/Serialization (4.0.1)
  - AFNetworking/UIKit (4.0.1):
    - AFNetworking/NSURLSession
  - BSGridCollectionViewLayout (1.2.5)
  - BSImagePicker (2.10.3):
    - BSGridCollectionViewLayout (= 1.2.5)
    - BSImageView (= 1.0.3)
  - BSImageView (1.0.3)
  - ext_storage (0.0.1):
    - Flutter
  - Firebase/Analytics (6.33.0):
    - Firebase/Core
  - Firebase/Core (6.33.0):
    - Firebase/CoreOnly
    - FirebaseAnalytics (= 6.8.3)
  - Firebase/CoreOnly (6.33.0):
    - FirebaseCore (= 6.10.3)
  - Firebase/Functions (6.33.0):
    - Firebase/CoreOnly
    - FirebaseFunctions (~> 2.9.0)
  - Firebase/MLVision (6.33.0):
    - Firebase/CoreOnly
    - FirebaseMLVision (~> 0.21.0)
  - Firebase/MLVisionBarcodeModel (6.33.0):
    - Firebase/CoreOnly
    - FirebaseMLVisionBarcodeModel (~> 0.21.0)
  - Firebase/MLVisionFaceModel (6.33.0):
    - Firebase/CoreOnly
    - FirebaseMLVisionFaceModel (~> 0.21.0)
  - Firebase/MLVisionLabelModel (6.33.0):
    - Firebase/CoreOnly
    - FirebaseMLVisionLabelModel (~> 0.21.0)
  - Firebase/MLVisionTextModel (6.33.0):
    - Firebase/CoreOnly
    - FirebaseMLVisionTextModel (~> 0.21.0)
  - Firebase/RemoteConfig (6.33.0):
    - Firebase/CoreOnly
    - FirebaseRemoteConfig (~> 4.9.0)
  - firebase_core (0.5.2-1):
    - Firebase/CoreOnly (~> 6.33.0)
    - Flutter
  - firebase_ml_vision (0.1.1):
    - Firebase/Core
    - Firebase/MLVision
    - Flutter
  - firebase_remote_config (0.4.2):
    - Firebase/CoreOnly (~> 6.33.0)
    - Firebase/RemoteConfig (~> 6.33.0)
    - firebase_core
    - Flutter
  - FirebaseABTesting (4.2.0):
    - FirebaseCore (~> 6.10)
  - FirebaseAnalytics (6.8.3):
    - FirebaseCore (~> 6.10)
    - FirebaseInstallations (~> 1.6)
    - GoogleAppMeasurement (= 6.8.3)
    - GoogleUtilities/AppDelegateSwizzler (~> 6.7)
    - GoogleUtilities/MethodSwizzler (~> 6.7)
    - GoogleUtilities/Network (~> 6.7)
    - "GoogleUtilities/NSData+zlib (~> 6.7)"
    - nanopb (~> 1.30906.0)
  - FirebaseCore (6.10.3):
    - FirebaseCoreDiagnostics (~> 1.6)
    - GoogleUtilities/Environment (~> 6.7)
    - GoogleUtilities/Logger (~> 6.7)
  - FirebaseCoreDiagnostics (1.7.0):
    - GoogleDataTransport (~> 7.4)
    - GoogleUtilities/Environment (~> 6.7)
    - GoogleUtilities/Logger (~> 6.7)
    - nanopb (~> 1.30906.0)
  - FirebaseFunctions (2.9.0):
    - FirebaseCore (~> 6.10)
    - GTMSessionFetcher/Core (~> 1.1)
  - FirebaseInstallations (1.7.0):
    - FirebaseCore (~> 6.10)
    - GoogleUtilities/Environment (~> 6.7)
    - GoogleUtilities/UserDefaults (~> 6.7)
    - PromisesObjC (~> 1.2)
  - FirebaseMLCommon (0.21.0):
    - FirebaseCore (~> 6.9)
    - FirebaseInstallations (~> 1.5)
    - GoogleToolboxForMac/Logger (~> 2.1)
    - "GoogleToolboxForMac/NSData+zlib (~> 2.1)"
    - "GoogleToolboxForMac/NSDictionary+URLArguments (~> 2.1)"
    - GoogleUtilities/UserDefaults (~> 6.0)
    - GTMSessionFetcher/Core (~> 1.1)
    - Protobuf (~> 3.12)
  - FirebaseMLVision (0.21.0):
    - FirebaseCore (~> 6.9)
    - FirebaseMLCommon (~> 0.21)
    - GoogleAPIClientForREST/Core (~> 1.3)
    - GoogleAPIClientForREST/Vision (~> 1.3)
    - GoogleToolboxForMac/Logger (~> 2.1)
    - "GoogleToolboxForMac/NSData+zlib (~> 2.1)"
    - GTMSessionFetcher/Core (~> 1.1)
    - Protobuf (~> 3.12)
  - FirebaseMLVisionBarcodeModel (0.21.0):
    - FirebaseMLVision (~> 0.21)
  - FirebaseMLVisionFaceModel (0.21.0):
    - FirebaseMLVision (~> 0.21)
  - FirebaseMLVisionLabelModel (0.21.0):
    - FirebaseMLVision (~> 0.21)
  - FirebaseMLVisionTextModel (0.21.0):
    - FirebaseMLVision (~> 0.21)
  - FirebaseRemoteConfig (4.9.1):
    - FirebaseABTesting (~> 4.2)
    - FirebaseCore (~> 6.10)
    - FirebaseInstallations (~> 1.6)
    - GoogleUtilities/Environment (~> 6.7)
    - "GoogleUtilities/NSData+zlib (~> 6.7)"
  - Flutter (1.0.0)
  - flutter_absolute_path (0.0.1):
    - Flutter
  - flutter_image_compress (0.0.1):
    - Flutter
    - Mantle
    - SDWebImageWebPCoder
  - FMDB (2.7.5):
    - FMDB/standard (= 2.7.5)
  - FMDB/standard (2.7.5)
  - GoogleAPIClientForREST/Core (1.5.1):
    - GTMSessionFetcher (>= 1.1.7)
  - GoogleAPIClientForREST/Vision (1.5.1):
    - GoogleAPIClientForREST/Core
    - GTMSessionFetcher (>= 1.1.7)
  - GoogleAppMeasurement (6.8.3):
    - GoogleUtilities/AppDelegateSwizzler (~> 6.7)
    - GoogleUtilities/MethodSwizzler (~> 6.7)
    - GoogleUtilities/Network (~> 6.7)
    - "GoogleUtilities/NSData+zlib (~> 6.7)"
    - nanopb (~> 1.30906.0)
  - GoogleDataTransport (7.5.1):
    - nanopb (~> 1.30906.0)
  - GoogleToolboxForMac/DebugUtils (2.3.0):
    - GoogleToolboxForMac/Defines (= 2.3.0)
  - GoogleToolboxForMac/Defines (2.3.0)
  - GoogleToolboxForMac/Logger (2.3.0):
    - GoogleToolboxForMac/Defines (= 2.3.0)
  - "GoogleToolboxForMac/NSData+zlib (2.3.0)":
    - GoogleToolboxForMac/Defines (= 2.3.0)
  - "GoogleToolboxForMac/NSDictionary+URLArguments (2.3.0)":
    - GoogleToolboxForMac/DebugUtils (= 2.3.0)
    - GoogleToolboxForMac/Defines (= 2.3.0)
    - "GoogleToolboxForMac/NSString+URLArguments (= 2.3.0)"
  - "GoogleToolboxForMac/NSString+URLArguments (2.3.0)"
  - GoogleUtilities/AppDelegateSwizzler (6.7.2):
    - GoogleUtilities/Environment
    - GoogleUtilities/Logger
    - GoogleUtilities/Network
  - GoogleUtilities/Environment (6.7.2):
    - PromisesObjC (~> 1.2)
  - GoogleUtilities/Logger (6.7.2):
    - GoogleUtilities/Environment
  - GoogleUtilities/MethodSwizzler (6.7.2):
    - GoogleUtilities/Logger
  - GoogleUtilities/Network (6.7.2):
    - GoogleUtilities/Logger
    - "GoogleUtilities/NSData+zlib"
    - GoogleUtilities/Reachability
  - "GoogleUtilities/NSData+zlib (6.7.2)"
  - GoogleUtilities/Reachability (6.7.2):
    - GoogleUtilities/Logger
  - GoogleUtilities/UserDefaults (6.7.2):
    - GoogleUtilities/Logger
  - GTMSessionFetcher (1.5.0):
    - GTMSessionFetcher/Full (= 1.5.0)
  - GTMSessionFetcher/Core (1.5.0)
  - GTMSessionFetcher/Full (1.5.0):
    - GTMSessionFetcher/Core (= 1.5.0)
  - image_cropper (0.0.3):
    - Flutter
    - TOCropViewController (~> 2.5.4)
  - image_picker (0.0.1):
    - Flutter
  - image_pickers (0.0.1):
    - AFNetworking
    - Flutter
    - ZLPhotoBrowser-objc (= 1.0.2)
  - libwebp (1.1.0):
    - libwebp/demux (= 1.1.0)
    - libwebp/mux (= 1.1.0)
    - libwebp/webp (= 1.1.0)
  - libwebp/demux (1.1.0):
    - libwebp/webp
  - libwebp/mux (1.1.0):
    - libwebp/demux
  - libwebp/webp (1.1.0)
  - Mantle (2.1.6):
    - Mantle/extobjc (= 2.1.6)
  - Mantle/extobjc (2.1.6)
  - multi_image_picker (4.7.14):
    - BSImagePicker (~> 2.10.3)
    - Flutter
  - nanopb (1.30906.0):
    - nanopb/decode (= 1.30906.0)
    - nanopb/encode (= 1.30906.0)
  - nanopb/decode (1.30906.0)
  - nanopb/encode (1.30906.0)
  - package_info (0.0.1):
    - Flutter
  - path_provider (0.0.1):
    - Flutter
  - PromisesObjC (1.2.11)
  - Protobuf (3.13.0)
  - SDWebImage (5.9.4):
    - SDWebImage/Core (= 5.9.4)
  - SDWebImage/Core (5.9.4)
  - SDWebImageWebPCoder (0.6.1):
    - libwebp (~> 1.0)
    - SDWebImage/Core (~> 5.7)
  - share (0.0.1):
    - Flutter
  - sqflite (0.0.2):
    - Flutter
    - FMDB (>= 2.7.5)
  - TOCropViewController (2.5.5)
  - url_launcher (0.0.1):
    - Flutter
  - ZLPhotoBrowser-objc (1.0.2):
    - SDWebImage

DEPENDENCIES:
  - ext_storage (from `.symlinks/plugins/ext_storage/ios`)
  - Firebase/Analytics
  - Firebase/Functions
  - Firebase/MLVisionBarcodeModel
  - Firebase/MLVisionFaceModel
  - Firebase/MLVisionLabelModel
  - Firebase/MLVisionTextModel
  - Firebase/RemoteConfig
  - firebase_core (from `.symlinks/plugins/firebase_core/ios`)
  - firebase_ml_vision (from `.symlinks/plugins/firebase_ml_vision/ios`)
  - firebase_remote_config (from `.symlinks/plugins/firebase_remote_config/ios`)
  - Flutter (from `Flutter`)
  - flutter_absolute_path (from `.symlinks/plugins/flutter_absolute_path/ios`)
  - flutter_image_compress (from `.symlinks/plugins/flutter_image_compress/ios`)
  - image_cropper (from `.symlinks/plugins/image_cropper/ios`)
  - image_picker (from `.symlinks/plugins/image_picker/ios`)
  - image_pickers (from `.symlinks/plugins/image_pickers/ios`)
  - multi_image_picker (from `.symlinks/plugins/multi_image_picker/ios`)
  - package_info (from `.symlinks/plugins/package_info/ios`)
  - path_provider (from `.symlinks/plugins/path_provider/ios`)
  - share (from `.symlinks/plugins/share/ios`)
  - sqflite (from `.symlinks/plugins/sqflite/ios`)
  - url_launcher (from `.symlinks/plugins/url_launcher/ios`)

SPEC REPOS:
  trunk:
    - AFNetworking
    - BSGridCollectionViewLayout
    - BSImagePicker
    - BSImageView
    - Firebase
    - FirebaseABTesting
    - FirebaseAnalytics
    - FirebaseCore
    - FirebaseCoreDiagnostics
    - FirebaseFunctions
    - FirebaseInstallations
    - FirebaseMLCommon
    - FirebaseMLVision
    - FirebaseMLVisionBarcodeModel
    - FirebaseMLVisionFaceModel
    - FirebaseMLVisionLabelModel
    - FirebaseMLVisionTextModel
    - FirebaseRemoteConfig
    - FMDB
    - GoogleAPIClientForREST
    - GoogleAppMeasurement
    - GoogleDataTransport
    - GoogleToolboxForMac
    - GoogleUtilities
    - GTMSessionFetcher
    - libwebp
    - Mantle
    - nanopb
    - PromisesObjC
    - Protobuf
    - SDWebImage
    - SDWebImageWebPCoder
    - TOCropViewController
    - ZLPhotoBrowser-objc

EXTERNAL SOURCES:
  ext_storage:
    :path: ".symlinks/plugins/ext_storage/ios"
  firebase_core:
    :path: ".symlinks/plugins/firebase_core/ios"
  firebase_ml_vision:
    :path: ".symlinks/plugins/firebase_ml_vision/ios"
  firebase_remote_config:
    :path: ".symlinks/plugins/firebase_remote_config/ios"
  Flutter:
    :path: Flutter
  flutter_absolute_path:
    :path: ".symlinks/plugins/flutter_absolute_path/ios"
  flutter_image_compress:
    :path: ".symlinks/plugins/flutter_image_compress/ios"
  image_cropper:
    :path: ".symlinks/plugins/image_cropper/ios"
  image_picker:
    :path: ".symlinks/plugins/image_picker/ios"
  image_pickers:
    :path: ".symlinks/plugins/image_pickers/ios"
  multi_image_picker:
    :path: ".symlinks/plugins/multi_image_picker/ios"
  package_info:
    :path: ".symlinks/plugins/package_info/ios"
  path_provider:
    :path: ".symlinks/plugins/path_provider/ios"
  share:
    :path: ".symlinks/plugins/share/ios"
  sqflite:
    :path: ".symlinks/plugins/sqflite/ios"
  url_launcher:
    :path: ".symlinks/plugins/url_launcher/ios"

SPEC CHECKSUMS:
  AFNetworking: 7864c38297c79aaca1500c33288e429c3451fdce
  BSGridCollectionViewLayout: 333dcb457a5a3bdd9212607ab5756553dcfe06cb
  BSImagePicker: 07404254f2fcdaf5a2eb403c0f8c337267ce8738
  BSImageView: a149459433a2687157d034c78e059d30ac7f2544
  ext_storage: 4eaf3a84d5594106e2ebcc2502248cfde53c8fa1
  Firebase: 8db6f2d1b2c5e2984efba4949a145875a8f65fe5
  firebase_core: 7423d688a1c6f2f2d859d64ae26991be39989781
  firebase_ml_vision: 2a31103bf58f5746b3af9486cd8e45d2021d3ade
  firebase_remote_config: fae1229134d60988e1e9f2ef77849bcd7cad0843
  FirebaseABTesting: 8a9d8df3acc2b43f4a22014ddf9f601bca6af699
  FirebaseAnalytics: 5dd088bd2e67bb9d13dbf792d1164ceaf3052193
  FirebaseCore: d889d9e12535b7f36ac8bfbf1713a0836a3012cd
  FirebaseCoreDiagnostics: 770ac5958e1372ce67959ae4b4f31d8e127c3ac1
  FirebaseFunctions: 27518fdd14d8b3a849e2443f921cd1b471ab7acd
  FirebaseInstallations: 466c7b4d1f58fe16707693091da253726a731ed2
  FirebaseMLCommon: d218d75dd1c6c4e447f731ac22da56b88cb79431
  FirebaseMLVision: 68dd092b4c52a7ac163ec0d4f541d5711fc9fec6
  FirebaseMLVisionBarcodeModel: 394cd61c52dc03558088caf82b0dade8028f57d5
  FirebaseMLVisionFaceModel: a67b2bf9b8407127a0bdb0ba98eb265637d1dc9d
  FirebaseMLVisionLabelModel: c6922e607cf4549b14981c80bf0d69eb51a2b547
  FirebaseMLVisionTextModel: e9f3cba0f31022ae9dd3d246aff9849075cacd98
  FirebaseRemoteConfig: 35a729305f254fb15a2e541d4b36f3a379da7fdc
  Flutter: 0e3d915762c693b495b44d77113d4970485de6ec
  flutter_absolute_path: 5adb13678c88f0bdfba527f3851f9543d01dde66
  flutter_image_compress: 082f8daaf6c1b0c9fe798251c750ef0ecd98d7ae
  FMDB: 2ce00b547f966261cd18927a3ddb07cb6f3db82a
  GoogleAPIClientForREST: 4bb409633efcc2e1b3f945afe7e35039b5a61db2
  GoogleAppMeasurement: 966e88df9d19c15715137bb2ddaf52373f111436
  GoogleDataTransport: f56af7caa4ed338dc8e138a5d7c5973e66440833
  GoogleToolboxForMac: 1350d40e86a76f7863928d63bcb0b89c84c521c5
  GoogleUtilities: 7f2f5a07f888cdb145101d6042bc4422f57e70b3
  GTMSessionFetcher: b3503b20a988c4e20cc189aa798fd18220133f52
  image_cropper: c8f9b4157933c7bb965a66d1c5e6c8fd408c6eb4
  image_picker: 9c3312491f862b28d21ecd8fdf0ee14e601b3f09
  image_pickers: 4a20d713c9029a75582e28482271e92d72d334fd
  libwebp: 946cb3063cea9236285f7e9a8505d806d30e07f3
  Mantle: 4c0ed6ce47c96eccc4dc3bb071deb3def0e2c3be
  multi_image_picker: c068931d08240565e0615fb01437d16984909183
  nanopb: 59317e09cf1f1a0af72f12af412d54edf52603fc
  package_info: 873975fc26034f0b863a300ad47e7f1ac6c7ec62
  path_provider: abfe2b5c733d04e238b0d8691db0cfd63a27a93c
  PromisesObjC: 8c196f5a328c2cba3e74624585467a557dcb482f
  Protobuf: 3dac39b34a08151c6d949560efe3f86134a3f748
  SDWebImage: b69257f4ab14e9b6a2ef53e910fdf914d8f757c1
  SDWebImageWebPCoder: d0dac55073088d24b2ac1b191a71a8f8d0adac21
  share: 0b2c3e82132f5888bccca3351c504d0003b3b410
  sqflite: 6d358c025f5b867b29ed92fc697fd34924e11904
  TOCropViewController: da59f531f8ac8a94ef6d6c0fc34009350f9e8bfe
  url_launcher: 6fef411d543ceb26efce54b05a0a40bfd74cbbef
  ZLPhotoBrowser-objc: c7684215bbde0ee990ad7bd1008e13bc3e6f6a32

PODFILE CHECKSUM: 66d50548e563928baf4764c9adacbc907df236e2

COCOAPODS: 1.10.0
